
Microsoft Visual Studio Solution File, Format Version 12.00
# Visual Studio Version 18
VisualStudioVersion = 18.0.10829.221
MinimumVisualStudioVersion = 10.0.40219.1
Project("{2150E333-8FDC-42A3-9474-1A3956D46DE8}") = "02 Functions", "02 Functions", "{F5798C6F-98D6-4411-A5F0-F928CBA64095}"
EndProject
Project("{2150E333-8FDC-42A3-9474-1A3956D46DE8}") = "03 RAG", "03 RAG", "{B5980212-D3CF-4A46-94EA-3B22EFAD1257}"
EndProject
Project("{FAE04EC0-301F-11D3-BF4B-00C04F79EFBC}") = "RAGSimple-02MEAIVectorsMemory", "RAGSimple-02MEAIVectorsMemory\RAGSimple-02MEAIVectorsMemory.csproj", "{CECD0272-6BD4-4FD4-86E2-07F4AC203448}"
EndProject
Project("{FAE04EC0-301F-11D3-BF4B-00C04F79EFBC}") = "MEAIVectorsShared", "MEAIVectorsShared\MEAIVectorsShared.csproj", "{8C8AE9B2-BEEE-42C9-97D5-23FFC70A014C}"
EndProject
Project("{FAE04EC0-301F-11D3-BF4B-00C04F79EFBC}") = "RAGSimple-03MEAIVectorsAISearch", "RAGSimple-03MEAIVectorsAISearch\RAGSimple-03MEAIVectorsAISearch.csproj", "{7B14A3E2-E5F1-4C46-B99E-01A1A538A21F}"
EndProject
Project("{2150E333-8FDC-42A3-9474-1A3956D46DE8}") = "04 Vision Analysis", "04 Vision Analysis", "{535700AD-127B-41EF-AD83-F008020F83CD}"
EndProject
Project("{FAE04EC0-301F-11D3-BF4B-00C04F79EFBC}") = "RAGSimple-04MEAIVectorsQdrant", "RAGSimple-04MEAIVectorsQdrant\RAGSimple-04MEAIVectorsQdrant.csproj", "{79D4682D-0916-4A52-B970-79DD3B05443F}"
EndProject
Project("{FAE04EC0-301F-11D3-BF4B-00C04F79EFBC}") = "Vision-01MEAI-AzureOpenAI", "Vision-01MEAI-AzureOpenAI\Vision-01MEAI-AzureOpenAI.csproj", "{61FADD8F-E575-4344-A161-A1E99E2A170B}"
EndProject
Project("{FAE04EC0-301F-11D3-BF4B-00C04F79EFBC}") = "Vision-02MEAI-Ollama", "Vision-02MEAI-Ollama\Vision-02MEAI-Ollama.csproj", "{78B601B3-C260-4472-82D5-38636D5DDFAB}"
EndProject
Project("{2150E333-8FDC-42A3-9474-1A3956D46DE8}") = "05 Audio", "05 Audio", "{02EA681E-C7D8-13C7-8484-4AC65E1B71E8}"
EndProject
Project("{FAE04EC0-301F-11D3-BF4B-00C04F79EFBC}") = "Audio-01-SpeechMic", "Audio-01-SpeechMic\Audio-01-SpeechMic.csproj", "{DCBD7905-09B8-4388-8A63-FDDED4A46FBD}"
EndProject
Project("{FAE04EC0-301F-11D3-BF4B-00C04F79EFBC}") = "Audio-02-RealTimeAudio", "Audio-02-RealTimeAudio\Audio-02-RealTimeAudio.csproj", "{21ED91D1-3B54-B478-7D59-97F035EACC0D}"
EndProject
Project("{2150E333-8FDC-42A3-9474-1A3956D46DE8}") = "06 Agents", "06 Agents", "{767605A1-DA28-413C-BFBA-6F5C8809E11F}"
EndProject
Project("{FAE04EC0-301F-11D3-BF4B-00C04F79EFBC}") = "AgentLabs-02-Functions", "AgentLabs-02-Functions\AgentLabs-02-Functions.csproj", "{1C1DDD3F-242B-4021-9992-262DA86208B9}"
EndProject
Project("{FAE04EC0-301F-11D3-BF4B-00C04F79EFBC}") = "AgentLabs-03-OpenAPIs", "AgentLabs-03-OpenAPIs\AgentLabs-03-OpenAPIs.csproj", "{DA9468F0-A153-4023-A6F8-ADFCEFECABD9}"
EndProject
Project("{FAE04EC0-301F-11D3-BF4B-00C04F79EFBC}") = "MEAIFunctionsOllama", "MEAIFunctionsOllama\MEAIFunctionsOllama.csproj", "{B0A1DF75-4625-45D5-87B0-29F7290F63E1}"
EndProject
Project("{FAE04EC0-301F-11D3-BF4B-00C04F79EFBC}") = "Vision-03MEAI-AOAI", "Vision-03MEAI-AOAI\Vision-03MEAI-AOAI.csproj", "{F49BE033-1ABF-4B2A-B32E-AC3416BF016F}"
EndProject
Project("{FAE04EC0-301F-11D3-BF4B-00C04F79EFBC}") = "Vision-04MEAI-AOAI-Spectre", "Vision-04MEAI-AOAI-Spectre\Vision-04MEAI-AOAI-Spectre.csproj", "{473F5D2D-1E50-4215-A31F-9AC3BDE72A83}"
EndProject
Project("{2150E333-8FDC-42A3-9474-1A3956D46DE8}") = "08 AI Toolkit", "08 AI Toolkit", "{E1AC4045-355A-4A18-8DD2-14FA8695C007}"
EndProject
Project("{2150E333-8FDC-42A3-9474-1A3956D46DE8}") = "09 Docker Models", "09 Docker Models", "{DB695299-EBB6-430A-BAE3-FFB4A592EA92}"
EndProject
Project("{FAE04EC0-301F-11D3-BF4B-00C04F79EFBC}") = "AIToolkit-02-MEAI-Chat", "AIToolkit-02-MEAI-Chat\AIToolkit-02-MEAI-Chat.csproj", "{5173D88E-9325-126E-8B69-7BD1C8D5702E}"
EndProject
Project("{FAE04EC0-301F-11D3-BF4B-00C04F79EFBC}") = "DockerModels-02-MEAI-Chat", "DockerModels-02-MEAI-Chat\DockerModels-02-MEAI-Chat.csproj", "{73644053-4698-A9AF-9C25-380A6D70517E}"
EndProject
Project("{2150E333-8FDC-42A3-9474-1A3956D46DE8}") = "11 Video Generation", "11 Video Generation", "{A02293A0-BFF3-4708-A110-30944AD39A69}"
EndProject
Project("{FAE04EC0-301F-11D3-BF4B-00C04F79EFBC}") = "VideoGeneration-AzureSora-01", "VideoGeneration-AzureSora-01\VideoGeneration-AzureSora-01.csproj", "{20C3DA44-FAF4-41FB-9B3D-1782A250A0B8}"
EndProject
Project("{2150E333-8FDC-42A3-9474-1A3956D46DE8}") = "13 Foundry Local", "13 Foundry Local", "{D9030679-D656-46A5-AD1B-5D6A4C560C58}"
EndProject
Project("{FAE04EC0-301F-11D3-BF4B-00C04F79EFBC}") = "AIFoundryLocal-02-MEAI-Chat", "AIFoundryLocal-01-MEAI-Chat\AIFoundryLocal-02-MEAI-Chat.csproj", "{8882C1F4-9A63-476D-9305-93DCFB7BFA8F}"
EndProject
Project("{FAE04EC0-301F-11D3-BF4B-00C04F79EFBC}") = "VideoGeneration-AzureSoraSDK-02", "VideoGeneration-AzureSoraSDK-02\VideoGeneration-AzureSoraSDK-02.csproj", "{5844D64E-6C50-CC23-64C5-02DCC5380E97}"
EndProject
Project("{2150E333-8FDC-42A3-9474-1A3956D46DE8}") = "14 MCP", "14 MCP", "{3D13EC01-716A-41D9-BC54-1871EC14D3DE}"
EndProject
Project("{FAE04EC0-301F-11D3-BF4B-00C04F79EFBC}") = "MCP-01-HuggingFace", "MCP-01-HuggingFace\MCP-01-HuggingFace.csproj", "{769320A2-CE09-41EF-A345-8BE6ABBE2696}"
EndProject
Project("{FAE04EC0-301F-11D3-BF4B-00C04F79EFBC}") = "MCP-02-HuggingFace-Ollama", "MCP-02-HuggingFace-Ollama\MCP-02-HuggingFace-Ollama.csproj", "{CB155DBA-0E2D-437D-AB29-FF5B65B44A27}"
EndProject
Project("{FAE04EC0-301F-11D3-BF4B-00C04F79EFBC}") = "VideoGeneration-AzureSora2-01", "VideoGeneration-AzureSora2-01\VideoGeneration-AzureSora2-01.csproj", "{8E3D5B50-B346-43C5-B71C-43C4427B39C9}"
EndProject
Project("{2150E333-8FDC-42A3-9474-1A3956D46DE8}") = "01 Paolo", "01 Paolo", "{E3140E83-37B7-47C2-B9F8-169F38333B30}"
EndProject
Project("{FAE04EC0-301F-11D3-BF4B-00C04F79EFBC}") = "Basic01", "Basic-Paolo\Basic01\Basic01.csproj", "{C65E3795-A7C3-4D49-B481-509B714879C0}"
EndProject
Global
	GlobalSection(SolutionConfigurationPlatforms) = preSolution
		Debug|Any CPU = Debug|Any CPU
		Debug|x64 = Debug|x64
		Debug|x86 = Debug|x86
		Release|Any CPU = Release|Any CPU
		Release|x64 = Release|x64
		Release|x86 = Release|x86
	EndGlobalSection
	GlobalSection(ProjectConfigurationPlatforms) = postSolution
		{CECD0272-6BD4-4FD4-86E2-07F4AC203448}.Debug|Any CPU.ActiveCfg = Debug|Any CPU
		{CECD0272-6BD4-4FD4-86E2-07F4AC203448}.Debug|Any CPU.Build.0 = Debug|Any CPU
		{CECD0272-6BD4-4FD4-86E2-07F4AC203448}.Debug|x64.ActiveCfg = Debug|Any CPU
		{CECD0272-6BD4-4FD4-86E2-07F4AC203448}.Debug|x64.Build.0 = Debug|Any CPU
		{CECD0272-6BD4-4FD4-86E2-07F4AC203448}.Debug|x86.ActiveCfg = Debug|Any CPU
		{CECD0272-6BD4-4FD4-86E2-07F4AC203448}.Debug|x86.Build.0 = Debug|Any CPU
		{CECD0272-6BD4-4FD4-86E2-07F4AC203448}.Release|Any CPU.ActiveCfg = Release|Any CPU
		{CECD0272-6BD4-4FD4-86E2-07F4AC203448}.Release|Any CPU.Build.0 = Release|Any CPU
		{CECD0272-6BD4-4FD4-86E2-07F4AC203448}.Release|x64.ActiveCfg = Release|Any CPU
		{CECD0272-6BD4-4FD4-86E2-07F4AC203448}.Release|x64.Build.0 = Release|Any CPU
		{CECD0272-6BD4-4FD4-86E2-07F4AC203448}.Release|x86.ActiveCfg = Release|Any CPU
		{CECD0272-6BD4-4FD4-86E2-07F4AC203448}.Release|x86.Build.0 = Release|Any CPU
		{8C8AE9B2-BEEE-42C9-97D5-23FFC70A014C}.Debug|Any CPU.ActiveCfg = Debug|Any CPU
		{8C8AE9B2-BEEE-42C9-97D5-23FFC70A014C}.Debug|Any CPU.Build.0 = Debug|Any CPU
		{8C8AE9B2-BEEE-42C9-97D5-23FFC70A014C}.Debug|x64.ActiveCfg = Debug|Any CPU
		{8C8AE9B2-BEEE-42C9-97D5-23FFC70A014C}.Debug|x64.Build.0 = Debug|Any CPU
		{8C8AE9B2-BEEE-42C9-97D5-23FFC70A014C}.Debug|x86.ActiveCfg = Debug|Any CPU
		{8C8AE9B2-BEEE-42C9-97D5-23FFC70A014C}.Debug|x86.Build.0 = Debug|Any CPU
		{8C8AE9B2-BEEE-42C9-97D5-23FFC70A014C}.Release|Any CPU.ActiveCfg = Release|Any CPU
		{8C8AE9B2-BEEE-42C9-97D5-23FFC70A014C}.Release|Any CPU.Build.0 = Release|Any CPU
		{8C8AE9B2-BEEE-42C9-97D5-23FFC70A014C}.Release|x64.ActiveCfg = Release|Any CPU
		{8C8AE9B2-BEEE-42C9-97D5-23FFC70A014C}.Release|x64.Build.0 = Release|Any CPU
		{8C8AE9B2-BEEE-42C9-97D5-23FFC70A014C}.Release|x86.ActiveCfg = Release|Any CPU
		{8C8AE9B2-BEEE-42C9-97D5-23FFC70A014C}.Release|x86.Build.0 = Release|Any CPU
		{7B14A3E2-E5F1-4C46-B99E-01A1A538A21F}.Debug|Any CPU.ActiveCfg = Debug|Any CPU
		{7B14A3E2-E5F1-4C46-B99E-01A1A538A21F}.Debug|Any CPU.Build.0 = Debug|Any CPU
		{7B14A3E2-E5F1-4C46-B99E-01A1A538A21F}.Debug|x64.ActiveCfg = Debug|Any CPU
		{7B14A3E2-E5F1-4C46-B99E-01A1A538A21F}.Debug|x64.Build.0 = Debug|Any CPU
		{7B14A3E2-E5F1-4C46-B99E-01A1A538A21F}.Debug|x86.ActiveCfg = Debug|Any CPU
		{7B14A3E2-E5F1-4C46-B99E-01A1A538A21F}.Debug|x86.Build.0 = Debug|Any CPU
		{7B14A3E2-E5F1-4C46-B99E-01A1A538A21F}.Release|Any CPU.ActiveCfg = Release|Any CPU
		{7B14A3E2-E5F1-4C46-B99E-01A1A538A21F}.Release|Any CPU.Build.0 = Release|Any CPU
		{7B14A3E2-E5F1-4C46-B99E-01A1A538A21F}.Release|x64.ActiveCfg = Release|Any CPU
		{7B14A3E2-E5F1-4C46-B99E-01A1A538A21F}.Release|x64.Build.0 = Release|Any CPU
		{7B14A3E2-E5F1-4C46-B99E-01A1A538A21F}.Release|x86.ActiveCfg = Release|Any CPU
		{7B14A3E2-E5F1-4C46-B99E-01A1A538A21F}.Release|x86.Build.0 = Release|Any CPU
		{79D4682D-0916-4A52-B970-79DD3B05443F}.Debug|Any CPU.ActiveCfg = Debug|Any CPU
		{79D4682D-0916-4A52-B970-79DD3B05443F}.Debug|Any CPU.Build.0 = Debug|Any CPU
		{79D4682D-0916-4A52-B970-79DD3B05443F}.Debug|x64.ActiveCfg = Debug|Any CPU
		{79D4682D-0916-4A52-B970-79DD3B05443F}.Debug|x64.Build.0 = Debug|Any CPU
		{79D4682D-0916-4A52-B970-79DD3B05443F}.Debug|x86.ActiveCfg = Debug|Any CPU
		{79D4682D-0916-4A52-B970-79DD3B05443F}.Debug|x86.Build.0 = Debug|Any CPU
		{79D4682D-0916-4A52-B970-79DD3B05443F}.Release|Any CPU.ActiveCfg = Release|Any CPU
		{79D4682D-0916-4A52-B970-79DD3B05443F}.Release|Any CPU.Build.0 = Release|Any CPU
		{79D4682D-0916-4A52-B970-79DD3B05443F}.Release|x64.ActiveCfg = Release|Any CPU
		{79D4682D-0916-4A52-B970-79DD3B05443F}.Release|x64.Build.0 = Release|Any CPU
		{79D4682D-0916-4A52-B970-79DD3B05443F}.Release|x86.ActiveCfg = Release|Any CPU
		{79D4682D-0916-4A52-B970-79DD3B05443F}.Release|x86.Build.0 = Release|Any CPU
		{61FADD8F-E575-4344-A161-A1E99E2A170B}.Debug|Any CPU.ActiveCfg = Debug|Any CPU
		{61FADD8F-E575-4344-A161-A1E99E2A170B}.Debug|Any CPU.Build.0 = Debug|Any CPU
		{61FADD8F-E575-4344-A161-A1E99E2A170B}.Debug|x64.ActiveCfg = Debug|Any CPU
		{61FADD8F-E575-4344-A161-A1E99E2A170B}.Debug|x64.Build.0 = Debug|Any CPU
		{61FADD8F-E575-4344-A161-A1E99E2A170B}.Debug|x86.ActiveCfg = Debug|Any CPU
		{61FADD8F-E575-4344-A161-A1E99E2A170B}.Debug|x86.Build.0 = Debug|Any CPU
		{61FADD8F-E575-4344-A161-A1E99E2A170B}.Release|Any CPU.ActiveCfg = Release|Any CPU
		{61FADD8F-E575-4344-A161-A1E99E2A170B}.Release|Any CPU.Build.0 = Release|Any CPU
		{61FADD8F-E575-4344-A161-A1E99E2A170B}.Release|x64.ActiveCfg = Release|Any CPU
		{61FADD8F-E575-4344-A161-A1E99E2A170B}.Release|x64.Build.0 = Release|Any CPU
		{61FADD8F-E575-4344-A161-A1E99E2A170B}.Release|x86.ActiveCfg = Release|Any CPU
		{61FADD8F-E575-4344-A161-A1E99E2A170B}.Release|x86.Build.0 = Release|Any CPU
		{78B601B3-C260-4472-82D5-38636D5DDFAB}.Debug|Any CPU.ActiveCfg = Debug|Any CPU
		{78B601B3-C260-4472-82D5-38636D5DDFAB}.Debug|Any CPU.Build.0 = Debug|Any CPU
		{78B601B3-C260-4472-82D5-38636D5DDFAB}.Debug|x64.ActiveCfg = Debug|Any CPU
		{78B601B3-C260-4472-82D5-38636D5DDFAB}.Debug|x64.Build.0 = Debug|Any CPU
		{78B601B3-C260-4472-82D5-38636D5DDFAB}.Debug|x86.ActiveCfg = Debug|Any CPU
		{78B601B3-C260-4472-82D5-38636D5DDFAB}.Debug|x86.Build.0 = Debug|Any CPU
		{78B601B3-C260-4472-82D5-38636D5DDFAB}.Release|Any CPU.ActiveCfg = Release|Any CPU
		{78B601B3-C260-4472-82D5-38636D5DDFAB}.Release|Any CPU.Build.0 = Release|Any CPU
		{78B601B3-C260-4472-82D5-38636D5DDFAB}.Release|x64.ActiveCfg = Release|Any CPU
		{78B601B3-C260-4472-82D5-38636D5DDFAB}.Release|x64.Build.0 = Release|Any CPU
		{78B601B3-C260-4472-82D5-38636D5DDFAB}.Release|x86.ActiveCfg = Release|Any CPU
		{78B601B3-C260-4472-82D5-38636D5DDFAB}.Release|x86.Build.0 = Release|Any CPU
		{DCBD7905-09B8-4388-8A63-FDDED4A46FBD}.Debug|Any CPU.ActiveCfg = Debug|Any CPU
		{DCBD7905-09B8-4388-8A63-FDDED4A46FBD}.Debug|Any CPU.Build.0 = Debug|Any CPU
		{DCBD7905-09B8-4388-8A63-FDDED4A46FBD}.Debug|x64.ActiveCfg = Debug|Any CPU
		{DCBD7905-09B8-4388-8A63-FDDED4A46FBD}.Debug|x64.Build.0 = Debug|Any CPU
		{DCBD7905-09B8-4388-8A63-FDDED4A46FBD}.Debug|x86.ActiveCfg = Debug|Any CPU
		{DCBD7905-09B8-4388-8A63-FDDED4A46FBD}.Debug|x86.Build.0 = Debug|Any CPU
		{DCBD7905-09B8-4388-8A63-FDDED4A46FBD}.Release|Any CPU.ActiveCfg = Release|Any CPU
		{DCBD7905-09B8-4388-8A63-FDDED4A46FBD}.Release|Any CPU.Build.0 = Release|Any CPU
		{DCBD7905-09B8-4388-8A63-FDDED4A46FBD}.Release|x64.ActiveCfg = Release|Any CPU
		{DCBD7905-09B8-4388-8A63-FDDED4A46FBD}.Release|x64.Build.0 = Release|Any CPU
		{DCBD7905-09B8-4388-8A63-FDDED4A46FBD}.Release|x86.ActiveCfg = Release|Any CPU
		{DCBD7905-09B8-4388-8A63-FDDED4A46FBD}.Release|x86.Build.0 = Release|Any CPU
		{21ED91D1-3B54-B478-7D59-97F035EACC0D}.Debug|Any CPU.ActiveCfg = Debug|Any CPU
		{21ED91D1-3B54-B478-7D59-97F035EACC0D}.Debug|Any CPU.Build.0 = Debug|Any CPU
		{21ED91D1-3B54-B478-7D59-97F035EACC0D}.Debug|x64.ActiveCfg = Debug|Any CPU
		{21ED91D1-3B54-B478-7D59-97F035EACC0D}.Debug|x64.Build.0 = Debug|Any CPU
		{21ED91D1-3B54-B478-7D59-97F035EACC0D}.Debug|x86.ActiveCfg = Debug|Any CPU
		{21ED91D1-3B54-B478-7D59-97F035EACC0D}.Debug|x86.Build.0 = Debug|Any CPU
		{21ED91D1-3B54-B478-7D59-97F035EACC0D}.Release|Any CPU.ActiveCfg = Release|Any CPU
		{21ED91D1-3B54-B478-7D59-97F035EACC0D}.Release|Any CPU.Build.0 = Release|Any CPU
		{21ED91D1-3B54-B478-7D59-97F035EACC0D}.Release|x64.ActiveCfg = Release|Any CPU
		{21ED91D1-3B54-B478-7D59-97F035EACC0D}.Release|x64.Build.0 = Release|Any CPU
		{21ED91D1-3B54-B478-7D59-97F035EACC0D}.Release|x86.ActiveCfg = Release|Any CPU
		{21ED91D1-3B54-B478-7D59-97F035EACC0D}.Release|x86.Build.0 = Release|Any CPU
		{1C1DDD3F-242B-4021-9992-262DA86208B9}.Debug|Any CPU.ActiveCfg = Debug|Any CPU
		{1C1DDD3F-242B-4021-9992-262DA86208B9}.Debug|Any CPU.Build.0 = Debug|Any CPU
		{1C1DDD3F-242B-4021-9992-262DA86208B9}.Debug|x64.ActiveCfg = Debug|Any CPU
		{1C1DDD3F-242B-4021-9992-262DA86208B9}.Debug|x64.Build.0 = Debug|Any CPU
		{1C1DDD3F-242B-4021-9992-262DA86208B9}.Debug|x86.ActiveCfg = Debug|Any CPU
		{1C1DDD3F-242B-4021-9992-262DA86208B9}.Debug|x86.Build.0 = Debug|Any CPU
		{1C1DDD3F-242B-4021-9992-262DA86208B9}.Release|Any CPU.ActiveCfg = Release|Any CPU
		{1C1DDD3F-242B-4021-9992-262DA86208B9}.Release|Any CPU.Build.0 = Release|Any CPU
		{1C1DDD3F-242B-4021-9992-262DA86208B9}.Release|x64.ActiveCfg = Release|Any CPU
		{1C1DDD3F-242B-4021-9992-262DA86208B9}.Release|x64.Build.0 = Release|Any CPU
		{1C1DDD3F-242B-4021-9992-262DA86208B9}.Release|x86.ActiveCfg = Release|Any CPU
		{1C1DDD3F-242B-4021-9992-262DA86208B9}.Release|x86.Build.0 = Release|Any CPU
		{DA9468F0-A153-4023-A6F8-ADFCEFECABD9}.Debug|Any CPU.ActiveCfg = Debug|Any CPU
		{DA9468F0-A153-4023-A6F8-ADFCEFECABD9}.Debug|Any CPU.Build.0 = Debug|Any CPU
		{DA9468F0-A153-4023-A6F8-ADFCEFECABD9}.Debug|x64.ActiveCfg = Debug|Any CPU
		{DA9468F0-A153-4023-A6F8-ADFCEFECABD9}.Debug|x64.Build.0 = Debug|Any CPU
		{DA9468F0-A153-4023-A6F8-ADFCEFECABD9}.Debug|x86.ActiveCfg = Debug|Any CPU
		{DA9468F0-A153-4023-A6F8-ADFCEFECABD9}.Debug|x86.Build.0 = Debug|Any CPU
		{DA9468F0-A153-4023-A6F8-ADFCEFECABD9}.Release|Any CPU.ActiveCfg = Release|Any CPU
		{DA9468F0-A153-4023-A6F8-ADFCEFECABD9}.Release|Any CPU.Build.0 = Release|Any CPU
		{DA9468F0-A153-4023-A6F8-ADFCEFECABD9}.Release|x64.ActiveCfg = Release|Any CPU
		{DA9468F0-A153-4023-A6F8-ADFCEFECABD9}.Release|x64.Build.0 = Release|Any CPU
		{DA9468F0-A153-4023-A6F8-ADFCEFECABD9}.Release|x86.ActiveCfg = Release|Any CPU
		{DA9468F0-A153-4023-A6F8-ADFCEFECABD9}.Release|x86.Build.0 = Release|Any CPU
		{B0A1DF75-4625-45D5-87B0-29F7290F63E1}.Debug|Any CPU.ActiveCfg = Debug|Any CPU
		{B0A1DF75-4625-45D5-87B0-29F7290F63E1}.Debug|Any CPU.Build.0 = Debug|Any CPU
		{B0A1DF75-4625-45D5-87B0-29F7290F63E1}.Debug|x64.ActiveCfg = Debug|Any CPU
		{B0A1DF75-4625-45D5-87B0-29F7290F63E1}.Debug|x64.Build.0 = Debug|Any CPU
		{B0A1DF75-4625-45D5-87B0-29F7290F63E1}.Debug|x86.ActiveCfg = Debug|Any CPU
		{B0A1DF75-4625-45D5-87B0-29F7290F63E1}.Debug|x86.Build.0 = Debug|Any CPU
		{B0A1DF75-4625-45D5-87B0-29F7290F63E1}.Release|Any CPU.ActiveCfg = Release|Any CPU
		{B0A1DF75-4625-45D5-87B0-29F7290F63E1}.Release|Any CPU.Build.0 = Release|Any CPU
		{B0A1DF75-4625-45D5-87B0-29F7290F63E1}.Release|x64.ActiveCfg = Release|Any CPU
		{B0A1DF75-4625-45D5-87B0-29F7290F63E1}.Release|x64.Build.0 = Release|Any CPU
		{B0A1DF75-4625-45D5-87B0-29F7290F63E1}.Release|x86.ActiveCfg = Release|Any CPU
		{B0A1DF75-4625-45D5-87B0-29F7290F63E1}.Release|x86.Build.0 = Release|Any CPU
		{F49BE033-1ABF-4B2A-B32E-AC3416BF016F}.Debug|Any CPU.ActiveCfg = Debug|Any CPU
		{F49BE033-1ABF-4B2A-B32E-AC3416BF016F}.Debug|Any CPU.Build.0 = Debug|Any CPU
		{F49BE033-1ABF-4B2A-B32E-AC3416BF016F}.Debug|x64.ActiveCfg = Debug|Any CPU
		{F49BE033-1ABF-4B2A-B32E-AC3416BF016F}.Debug|x64.Build.0 = Debug|Any CPU
		{F49BE033-1ABF-4B2A-B32E-AC3416BF016F}.Debug|x86.ActiveCfg = Debug|Any CPU
		{F49BE033-1ABF-4B2A-B32E-AC3416BF016F}.Debug|x86.Build.0 = Debug|Any CPU
		{F49BE033-1ABF-4B2A-B32E-AC3416BF016F}.Release|Any CPU.ActiveCfg = Release|Any CPU
		{F49BE033-1ABF-4B2A-B32E-AC3416BF016F}.Release|Any CPU.Build.0 = Release|Any CPU
		{F49BE033-1ABF-4B2A-B32E-AC3416BF016F}.Release|x64.ActiveCfg = Release|Any CPU
		{F49BE033-1ABF-4B2A-B32E-AC3416BF016F}.Release|x64.Build.0 = Release|Any CPU
		{F49BE033-1ABF-4B2A-B32E-AC3416BF016F}.Release|x86.ActiveCfg = Release|Any CPU
		{F49BE033-1ABF-4B2A-B32E-AC3416BF016F}.Release|x86.Build.0 = Release|Any CPU
		{473F5D2D-1E50-4215-A31F-9AC3BDE72A83}.Debug|Any CPU.ActiveCfg = Debug|Any CPU
		{473F5D2D-1E50-4215-A31F-9AC3BDE72A83}.Debug|Any CPU.Build.0 = Debug|Any CPU
		{473F5D2D-1E50-4215-A31F-9AC3BDE72A83}.Debug|x64.ActiveCfg = Debug|Any CPU
		{473F5D2D-1E50-4215-A31F-9AC3BDE72A83}.Debug|x64.Build.0 = Debug|Any CPU
		{473F5D2D-1E50-4215-A31F-9AC3BDE72A83}.Debug|x86.ActiveCfg = Debug|Any CPU
		{473F5D2D-1E50-4215-A31F-9AC3BDE72A83}.Debug|x86.Build.0 = Debug|Any CPU
		{473F5D2D-1E50-4215-A31F-9AC3BDE72A83}.Release|Any CPU.ActiveCfg = Release|Any CPU
		{473F5D2D-1E50-4215-A31F-9AC3BDE72A83}.Release|Any CPU.Build.0 = Release|Any CPU
		{473F5D2D-1E50-4215-A31F-9AC3BDE72A83}.Release|x64.ActiveCfg = Release|Any CPU
		{473F5D2D-1E50-4215-A31F-9AC3BDE72A83}.Release|x64.Build.0 = Release|Any CPU
		{473F5D2D-1E50-4215-A31F-9AC3BDE72A83}.Release|x86.ActiveCfg = Release|Any CPU
		{473F5D2D-1E50-4215-A31F-9AC3BDE72A83}.Release|x86.Build.0 = Release|Any CPU
		{5173D88E-9325-126E-8B69-7BD1C8D5702E}.Debug|Any CPU.ActiveCfg = Debug|Any CPU
		{5173D88E-9325-126E-8B69-7BD1C8D5702E}.Debug|Any CPU.Build.0 = Debug|Any CPU
		{5173D88E-9325-126E-8B69-7BD1C8D5702E}.Debug|x64.ActiveCfg = Debug|Any CPU
		{5173D88E-9325-126E-8B69-7BD1C8D5702E}.Debug|x64.Build.0 = Debug|Any CPU
		{5173D88E-9325-126E-8B69-7BD1C8D5702E}.Debug|x86.ActiveCfg = Debug|Any CPU
		{5173D88E-9325-126E-8B69-7BD1C8D5702E}.Debug|x86.Build.0 = Debug|Any CPU
		{5173D88E-9325-126E-8B69-7BD1C8D5702E}.Release|Any CPU.ActiveCfg = Release|Any CPU
		{5173D88E-9325-126E-8B69-7BD1C8D5702E}.Release|Any CPU.Build.0 = Release|Any CPU
		{5173D88E-9325-126E-8B69-7BD1C8D5702E}.Release|x64.ActiveCfg = Release|Any CPU
		{5173D88E-9325-126E-8B69-7BD1C8D5702E}.Release|x64.Build.0 = Release|Any CPU
		{5173D88E-9325-126E-8B69-7BD1C8D5702E}.Release|x86.ActiveCfg = Release|Any CPU
		{5173D88E-9325-126E-8B69-7BD1C8D5702E}.Release|x86.Build.0 = Release|Any CPU
		{73644053-4698-A9AF-9C25-380A6D70517E}.Debug|Any CPU.ActiveCfg = Debug|Any CPU
		{73644053-4698-A9AF-9C25-380A6D70517E}.Debug|Any CPU.Build.0 = Debug|Any CPU
		{73644053-4698-A9AF-9C25-380A6D70517E}.Debug|x64.ActiveCfg = Debug|Any CPU
		{73644053-4698-A9AF-9C25-380A6D70517E}.Debug|x64.Build.0 = Debug|Any CPU
		{73644053-4698-A9AF-9C25-380A6D70517E}.Debug|x86.ActiveCfg = Debug|Any CPU
		{73644053-4698-A9AF-9C25-380A6D70517E}.Debug|x86.Build.0 = Debug|Any CPU
		{73644053-4698-A9AF-9C25-380A6D70517E}.Release|Any CPU.ActiveCfg = Release|Any CPU
		{73644053-4698-A9AF-9C25-380A6D70517E}.Release|Any CPU.Build.0 = Release|Any CPU
		{73644053-4698-A9AF-9C25-380A6D70517E}.Release|x64.ActiveCfg = Release|Any CPU
		{73644053-4698-A9AF-9C25-380A6D70517E}.Release|x64.Build.0 = Release|Any CPU
		{73644053-4698-A9AF-9C25-380A6D70517E}.Release|x86.ActiveCfg = Release|Any CPU
		{73644053-4698-A9AF-9C25-380A6D70517E}.Release|x86.Build.0 = Release|Any CPU
		{20C3DA44-FAF4-41FB-9B3D-1782A250A0B8}.Debug|Any CPU.ActiveCfg = Debug|Any CPU
		{20C3DA44-FAF4-41FB-9B3D-1782A250A0B8}.Debug|Any CPU.Build.0 = Debug|Any CPU
		{20C3DA44-FAF4-41FB-9B3D-1782A250A0B8}.Debug|x64.ActiveCfg = Debug|Any CPU
		{20C3DA44-FAF4-41FB-9B3D-1782A250A0B8}.Debug|x64.Build.0 = Debug|Any CPU
		{20C3DA44-FAF4-41FB-9B3D-1782A250A0B8}.Debug|x86.ActiveCfg = Debug|Any CPU
		{20C3DA44-FAF4-41FB-9B3D-1782A250A0B8}.Debug|x86.Build.0 = Debug|Any CPU
		{20C3DA44-FAF4-41FB-9B3D-1782A250A0B8}.Release|Any CPU.ActiveCfg = Release|Any CPU
		{20C3DA44-FAF4-41FB-9B3D-1782A250A0B8}.Release|Any CPU.Build.0 = Release|Any CPU
		{20C3DA44-FAF4-41FB-9B3D-1782A250A0B8}.Release|x64.ActiveCfg = Release|Any CPU
		{20C3DA44-FAF4-41FB-9B3D-1782A250A0B8}.Release|x64.Build.0 = Release|Any CPU
		{20C3DA44-FAF4-41FB-9B3D-1782A250A0B8}.Release|x86.ActiveCfg = Release|Any CPU
		{20C3DA44-FAF4-41FB-9B3D-1782A250A0B8}.Release|x86.Build.0 = Release|Any CPU
		{8882C1F4-9A63-476D-9305-93DCFB7BFA8F}.Debug|Any CPU.ActiveCfg = Debug|Any CPU
		{8882C1F4-9A63-476D-9305-93DCFB7BFA8F}.Debug|Any CPU.Build.0 = Debug|Any CPU
		{8882C1F4-9A63-476D-9305-93DCFB7BFA8F}.Debug|x64.ActiveCfg = Debug|Any CPU
		{8882C1F4-9A63-476D-9305-93DCFB7BFA8F}.Debug|x64.Build.0 = Debug|Any CPU
		{8882C1F4-9A63-476D-9305-93DCFB7BFA8F}.Debug|x86.ActiveCfg = Debug|Any CPU
		{8882C1F4-9A63-476D-9305-93DCFB7BFA8F}.Debug|x86.Build.0 = Debug|Any CPU
		{8882C1F4-9A63-476D-9305-93DCFB7BFA8F}.Release|Any CPU.ActiveCfg = Release|Any CPU
		{8882C1F4-9A63-476D-9305-93DCFB7BFA8F}.Release|Any CPU.Build.0 = Release|Any CPU
		{8882C1F4-9A63-476D-9305-93DCFB7BFA8F}.Release|x64.ActiveCfg = Release|Any CPU
		{8882C1F4-9A63-476D-9305-93DCFB7BFA8F}.Release|x64.Build.0 = Release|Any CPU
		{8882C1F4-9A63-476D-9305-93DCFB7BFA8F}.Release|x86.ActiveCfg = Release|Any CPU
		{8882C1F4-9A63-476D-9305-93DCFB7BFA8F}.Release|x86.Build.0 = Release|Any CPU
		{5844D64E-6C50-CC23-64C5-02DCC5380E97}.Debug|Any CPU.ActiveCfg = Debug|Any CPU
		{5844D64E-6C50-CC23-64C5-02DCC5380E97}.Debug|Any CPU.Build.0 = Debug|Any CPU
		{5844D64E-6C50-CC23-64C5-02DCC5380E97}.Debug|x64.ActiveCfg = Debug|Any CPU
		{5844D64E-6C50-CC23-64C5-02DCC5380E97}.Debug|x64.Build.0 = Debug|Any CPU
		{5844D64E-6C50-CC23-64C5-02DCC5380E97}.Debug|x86.ActiveCfg = Debug|Any CPU
		{5844D64E-6C50-CC23-64C5-02DCC5380E97}.Debug|x86.Build.0 = Debug|Any CPU
		{5844D64E-6C50-CC23-64C5-02DCC5380E97}.Release|Any CPU.ActiveCfg = Release|Any CPU
		{5844D64E-6C50-CC23-64C5-02DCC5380E97}.Release|Any CPU.Build.0 = Release|Any CPU
		{5844D64E-6C50-CC23-64C5-02DCC5380E97}.Release|x64.ActiveCfg = Release|Any CPU
		{5844D64E-6C50-CC23-64C5-02DCC5380E97}.Release|x64.Build.0 = Release|Any CPU
		{5844D64E-6C50-CC23-64C5-02DCC5380E97}.Release|x86.ActiveCfg = Release|Any CPU
		{5844D64E-6C50-CC23-64C5-02DCC5380E97}.Release|x86.Build.0 = Release|Any CPU
		{769320A2-CE09-41EF-A345-8BE6ABBE2696}.Debug|Any CPU.ActiveCfg = Debug|Any CPU
		{769320A2-CE09-41EF-A345-8BE6ABBE2696}.Debug|Any CPU.Build.0 = Debug|Any CPU
		{769320A2-CE09-41EF-A345-8BE6ABBE2696}.Debug|x64.ActiveCfg = Debug|Any CPU
		{769320A2-CE09-41EF-A345-8BE6ABBE2696}.Debug|x64.Build.0 = Debug|Any CPU
		{769320A2-CE09-41EF-A345-8BE6ABBE2696}.Debug|x86.ActiveCfg = Debug|Any CPU
		{769320A2-CE09-41EF-A345-8BE6ABBE2696}.Debug|x86.Build.0 = Debug|Any CPU
		{769320A2-CE09-41EF-A345-8BE6ABBE2696}.Release|Any CPU.ActiveCfg = Release|Any CPU
		{769320A2-CE09-41EF-A345-8BE6ABBE2696}.Release|Any CPU.Build.0 = Release|Any CPU
		{769320A2-CE09-41EF-A345-8BE6ABBE2696}.Release|x64.ActiveCfg = Release|Any CPU
		{769320A2-CE09-41EF-A345-8BE6ABBE2696}.Release|x64.Build.0 = Release|Any CPU
		{769320A2-CE09-41EF-A345-8BE6ABBE2696}.Release|x86.ActiveCfg = Release|Any CPU
		{769320A2-CE09-41EF-A345-8BE6ABBE2696}.Release|x86.Build.0 = Release|Any CPU
		{CB155DBA-0E2D-437D-AB29-FF5B65B44A27}.Debug|Any CPU.ActiveCfg = Debug|Any CPU
		{CB155DBA-0E2D-437D-AB29-FF5B65B44A27}.Debug|Any CPU.Build.0 = Debug|Any CPU
		{CB155DBA-0E2D-437D-AB29-FF5B65B44A27}.Debug|x64.ActiveCfg = Debug|Any CPU
		{CB155DBA-0E2D-437D-AB29-FF5B65B44A27}.Debug|x64.Build.0 = Debug|Any CPU
		{CB155DBA-0E2D-437D-AB29-FF5B65B44A27}.Debug|x86.ActiveCfg = Debug|Any CPU
		{CB155DBA-0E2D-437D-AB29-FF5B65B44A27}.Debug|x86.Build.0 = Debug|Any CPU
		{CB155DBA-0E2D-437D-AB29-FF5B65B44A27}.Release|Any CPU.ActiveCfg = Release|Any CPU
		{CB155DBA-0E2D-437D-AB29-FF5B65B44A27}.Release|Any CPU.Build.0 = Release|Any CPU
		{CB155DBA-0E2D-437D-AB29-FF5B65B44A27}.Release|x64.ActiveCfg = Release|Any CPU
		{CB155DBA-0E2D-437D-AB29-FF5B65B44A27}.Release|x64.Build.0 = Release|Any CPU
		{CB155DBA-0E2D-437D-AB29-FF5B65B44A27}.Release|x86.ActiveCfg = Release|Any CPU
		{CB155DBA-0E2D-437D-AB29-FF5B65B44A27}.Release|x86.Build.0 = Release|Any CPU
		{8E3D5B50-B346-43C5-B71C-43C4427B39C9}.Debug|Any CPU.ActiveCfg = Debug|Any CPU
		{8E3D5B50-B346-43C5-B71C-43C4427B39C9}.Debug|Any CPU.Build.0 = Debug|Any CPU
		{8E3D5B50-B346-43C5-B71C-43C4427B39C9}.Debug|x64.ActiveCfg = Debug|Any CPU
		{8E3D5B50-B346-43C5-B71C-43C4427B39C9}.Debug|x64.Build.0 = Debug|Any CPU
		{8E3D5B50-B346-43C5-B71C-43C4427B39C9}.Debug|x86.ActiveCfg = Debug|Any CPU
		{8E3D5B50-B346-43C5-B71C-43C4427B39C9}.Debug|x86.Build.0 = Debug|Any CPU
		{8E3D5B50-B346-43C5-B71C-43C4427B39C9}.Release|Any CPU.ActiveCfg = Release|Any CPU
		{8E3D5B50-B346-43C5-B71C-43C4427B39C9}.Release|Any CPU.Build.0 = Release|Any CPU
		{8E3D5B50-B346-43C5-B71C-43C4427B39C9}.Release|x64.ActiveCfg = Release|Any CPU
		{8E3D5B50-B346-43C5-B71C-43C4427B39C9}.Release|x64.Build.0 = Release|Any CPU
		{8E3D5B50-B346-43C5-B71C-43C4427B39C9}.Release|x86.ActiveCfg = Release|Any CPU
		{8E3D5B50-B346-43C5-B71C-43C4427B39C9}.Release|x86.Build.0 = Release|Any CPU
		{C65E3795-A7C3-4D49-B481-509B714879C0}.Debug|Any CPU.ActiveCfg = Debug|Any CPU
		{C65E3795-A7C3-4D49-B481-509B714879C0}.Debug|Any CPU.Build.0 = Debug|Any CPU
		{C65E3795-A7C3-4D49-B481-509B714879C0}.Debug|x64.ActiveCfg = Debug|Any CPU
		{C65E3795-A7C3-4D49-B481-509B714879C0}.Debug|x64.Build.0 = Debug|Any CPU
		{C65E3795-A7C3-4D49-B481-509B714879C0}.Debug|x86.ActiveCfg = Debug|Any CPU
		{C65E3795-A7C3-4D49-B481-509B714879C0}.Debug|x86.Build.0 = Debug|Any CPU
		{C65E3795-A7C3-4D49-B481-509B714879C0}.Release|Any CPU.ActiveCfg = Release|Any CPU
		{C65E3795-A7C3-4D49-B481-509B714879C0}.Release|Any CPU.Build.0 = Release|Any CPU
		{C65E3795-A7C3-4D49-B481-509B714879C0}.Release|x64.ActiveCfg = Release|Any CPU
		{C65E3795-A7C3-4D49-B481-509B714879C0}.Release|x64.Build.0 = Release|Any CPU
		{C65E3795-A7C3-4D49-B481-509B714879C0}.Release|x86.ActiveCfg = Release|Any CPU
		{C65E3795-A7C3-4D49-B481-509B714879C0}.Release|x86.Build.0 = Release|Any CPU
	EndGlobalSection
	GlobalSection(SolutionProperties) = preSolution
		HideSolutionNode = FALSE
	EndGlobalSection
	GlobalSection(NestedProjects) = preSolution
		{CECD0272-6BD4-4FD4-86E2-07F4AC203448} = {B5980212-D3CF-4A46-94EA-3B22EFAD1257}
		{8C8AE9B2-BEEE-42C9-97D5-23FFC70A014C} = {B5980212-D3CF-4A46-94EA-3B22EFAD1257}
		{7B14A3E2-E5F1-4C46-B99E-01A1A538A21F} = {B5980212-D3CF-4A46-94EA-3B22EFAD1257}
		{79D4682D-0916-4A52-B970-79DD3B05443F} = {B5980212-D3CF-4A46-94EA-3B22EFAD1257}
		{61FADD8F-E575-4344-A161-A1E99E2A170B} = {535700AD-127B-41EF-AD83-F008020F83CD}
		{78B601B3-C260-4472-82D5-38636D5DDFAB} = {535700AD-127B-41EF-AD83-F008020F83CD}
		{DCBD7905-09B8-4388-8A63-FDDED4A46FBD} = {02EA681E-C7D8-13C7-8484-4AC65E1B71E8}
		{21ED91D1-3B54-B478-7D59-97F035EACC0D} = {02EA681E-C7D8-13C7-8484-4AC65E1B71E8}
		{1C1DDD3F-242B-4021-9992-262DA86208B9} = {767605A1-DA28-413C-BFBA-6F5C8809E11F}
		{DA9468F0-A153-4023-A6F8-ADFCEFECABD9} = {767605A1-DA28-413C-BFBA-6F5C8809E11F}
		{B0A1DF75-4625-45D5-87B0-29F7290F63E1} = {F5798C6F-98D6-4411-A5F0-F928CBA64095}
		{F49BE033-1ABF-4B2A-B32E-AC3416BF016F} = {535700AD-127B-41EF-AD83-F008020F83CD}
		{473F5D2D-1E50-4215-A31F-9AC3BDE72A83} = {535700AD-127B-41EF-AD83-F008020F83CD}
		{5173D88E-9325-126E-8B69-7BD1C8D5702E} = {E1AC4045-355A-4A18-8DD2-14FA8695C007}
		{73644053-4698-A9AF-9C25-380A6D70517E} = {DB695299-EBB6-430A-BAE3-FFB4A592EA92}
		{20C3DA44-FAF4-41FB-9B3D-1782A250A0B8} = {A02293A0-BFF3-4708-A110-30944AD39A69}
		{8882C1F4-9A63-476D-9305-93DCFB7BFA8F} = {D9030679-D656-46A5-AD1B-5D6A4C560C58}
		{5844D64E-6C50-CC23-64C5-02DCC5380E97} = {A02293A0-BFF3-4708-A110-30944AD39A69}
		{769320A2-CE09-41EF-A345-8BE6ABBE2696} = {3D13EC01-716A-41D9-BC54-1871EC14D3DE}
		{CB155DBA-0E2D-437D-AB29-FF5B65B44A27} = {3D13EC01-716A-41D9-BC54-1871EC14D3DE}
		{8E3D5B50-B346-43C5-B71C-43C4427B39C9} = {A02293A0-BFF3-4708-A110-30944AD39A69}
		{C65E3795-A7C3-4D49-B481-509B714879C0} = {E3140E83-37B7-47C2-B9F8-169F38333B30}
	EndGlobalSection
	GlobalSection(ExtensibilityGlobals) = postSolution
		SolutionGuid = {961EEBAB-4149-4AA4-BEE7-9DAAE4C94133}
	EndGlobalSection
EndGlobal
